// !$*UTF8*$!
{
	archiveVersion = 1;
	classes = {
	};
	objectVersion = 46;
	objects = {

/* Begin PBXBuildFile section */
		59C1DCCF18FA753D0036BEC5 /* Foundation.framework in Frameworks */ = {isa = PBXBuildFile; fileRef = 59C1DCCE18FA753D0036BEC5 /* Foundation.framework */; };
		59C1DCD118FA753D0036BEC5 /* CoreGraphics.framework in Frameworks */ = {isa = PBXBuildFile; fileRef = 59C1DCD018FA753D0036BEC5 /* CoreGraphics.framework */; };
		59C1DCD318FA753D0036BEC5 /* UIKit.framework in Frameworks */ = {isa = PBXBuildFile; fileRef = 59C1DCD218FA753D0036BEC5 /* UIKit.framework */; };
		59C1DCD918FA753D0036BEC5 /* InfoPlist.strings in Resources */ = {isa = PBXBuildFile; fileRef = 59C1DCD718FA753D0036BEC5 /* InfoPlist.strings */; };
		59C1DCDB18FA753D0036BEC5 /* main.m in Sources */ = {isa = PBXBuildFile; fileRef = 59C1DCDA18FA753D0036BEC5 /* main.m */; };
		59C1DCDF18FA753D0036BEC5 /* AppDelegate.m in Sources */ = {isa = PBXBuildFile; fileRef = 59C1DCDE18FA753D0036BEC5 /* AppDelegate.m */; };
		59C1DCE118FA753D0036BEC5 /* Images.xcassets in Resources */ = {isa = PBXBuildFile; fileRef = 59C1DCE018FA753D0036BEC5 /* Images.xcassets */; };
		59C1DCE818FA753D0036BEC5 /* XCTest.framework in Frameworks */ = {isa = PBXBuildFile; fileRef = 59C1DCE718FA753D0036BEC5 /* XCTest.framework */; };
		59C1DCE918FA753D0036BEC5 /* Foundation.framework in Frameworks */ = {isa = PBXBuildFile; fileRef = 59C1DCCE18FA753D0036BEC5 /* Foundation.framework */; };
		59C1DCEA18FA753D0036BEC5 /* UIKit.framework in Frameworks */ = {isa = PBXBuildFile; fileRef = 59C1DCD218FA753D0036BEC5 /* UIKit.framework */; };
		59C1DCF218FA753D0036BEC5 /* InfoPlist.strings in Resources */ = {isa = PBXBuildFile; fileRef = 59C1DCF018FA753D0036BEC5 /* InfoPlist.strings */; };
		59C1DCF418FA753D0036BEC5 /* DateUtilsDemonstrationTests.m in Sources */ = {isa = PBXBuildFile; fileRef = 59C1DCF318FA753D0036BEC5 /* DateUtilsDemonstrationTests.m */; };
		59C1DD0018FA755A0036BEC5 /* DateUtils.m in Sources */ = {isa = PBXBuildFile; fileRef = 59C1DCFF18FA755A0036BEC5 /* DateUtils.m */; };
		59C1DD0118FA755A0036BEC5 /* DateUtils.m in Sources */ = {isa = PBXBuildFile; fileRef = 59C1DCFF18FA755A0036BEC5 /* DateUtils.m */; };
/* End PBXBuildFile section */

/* Begin PBXContainerItemProxy section */
		59C1DCEB18FA753D0036BEC5 /* PBXContainerItemProxy */ = {
			isa = PBXContainerItemProxy;
			containerPortal = 59C1DCC318FA753D0036BEC5 /* Project object */;
			proxyType = 1;
			remoteGlobalIDString = 59C1DCCA18FA753D0036BEC5;
			remoteInfo = DateUtilsDemonstration;
		};
/* End PBXContainerItemProxy section */

/* Begin PBXFileReference section */
		59C1DCCB18FA753D0036BEC5 /* DateUtilsDemonstration.app */ = {isa = PBXFileReference; explicitFileType = wrapper.application; includeInIndex = 0; path = DateUtilsDemonstration.app; sourceTree = BUILT_PRODUCTS_DIR; };
		59C1DCCE18FA753D0036BEC5 /* Foundation.framework */ = {isa = PBXFileReference; lastKnownFileType = wrapper.framework; name = Foundation.framework; path = System/Library/Frameworks/Foundation.framework; sourceTree = SDKROOT; };
		59C1DCD018FA753D0036BEC5 /* CoreGraphics.framework */ = {isa = PBXFileReference; lastKnownFileType = wrapper.framework; name = CoreGraphics.framework; path = System/Library/Frameworks/CoreGraphics.framework; sourceTree = SDKROOT; };
		59C1DCD218FA753D0036BEC5 /* UIKit.framework */ = {isa = PBXFileReference; lastKnownFileType = wrapper.framework; name = UIKit.framework; path = System/Library/Frameworks/UIKit.framework; sourceTree = SDKROOT; };
		59C1DCD618FA753D0036BEC5 /* DateUtilsDemonstration-Info.plist */ = {isa = PBXFileReference; lastKnownFileType = text.plist.xml; path = "DateUtilsDemonstration-Info.plist"; sourceTree = "<group>"; };
		59C1DCD818FA753D0036BEC5 /* en */ = {isa = PBXFileReference; lastKnownFileType = text.plist.strings; name = en; path = en.lproj/InfoPlist.strings; sourceTree = "<group>"; };
		59C1DCDA18FA753D0036BEC5 /* main.m */ = {isa = PBXFileReference; lastKnownFileType = sourcecode.c.objc; path = main.m; sourceTree = "<group>"; };
		59C1DCDC18FA753D0036BEC5 /* DateUtilsDemonstration-Prefix.pch */ = {isa = PBXFileReference; lastKnownFileType = sourcecode.c.h; path = "DateUtilsDemonstration-Prefix.pch"; sourceTree = "<group>"; };
		59C1DCDD18FA753D0036BEC5 /* AppDelegate.h */ = {isa = PBXFileReference; lastKnownFileType = sourcecode.c.h; path = AppDelegate.h; sourceTree = "<group>"; };
		59C1DCDE18FA753D0036BEC5 /* AppDelegate.m */ = {isa = PBXFileReference; lastKnownFileType = sourcecode.c.objc; path = AppDelegate.m; sourceTree = "<group>"; };
		59C1DCE018FA753D0036BEC5 /* Images.xcassets */ = {isa = PBXFileReference; lastKnownFileType = folder.assetcatalog; path = Images.xcassets; sourceTree = "<group>"; };
		59C1DCE618FA753D0036BEC5 /* DateUtilsDemonstrationTests.xctest */ = {isa = PBXFileReference; explicitFileType = wrapper.cfbundle; includeInIndex = 0; path = DateUtilsDemonstrationTests.xctest; sourceTree = BUILT_PRODUCTS_DIR; };
		59C1DCE718FA753D0036BEC5 /* XCTest.framework */ = {isa = PBXFileReference; lastKnownFileType = wrapper.framework; name = XCTest.framework; path = Library/Frameworks/XCTest.framework; sourceTree = DEVELOPER_DIR; };
		59C1DCEF18FA753D0036BEC5 /* DateUtilsDemonstrationTests-Info.plist */ = {isa = PBXFileReference; lastKnownFileType = text.plist.xml; path = "DateUtilsDemonstrationTests-Info.plist"; sourceTree = "<group>"; };
		59C1DCF118FA753D0036BEC5 /* en */ = {isa = PBXFileReference; lastKnownFileType = text.plist.strings; name = en; path = en.lproj/InfoPlist.strings; sourceTree = "<group>"; };
		59C1DCF318FA753D0036BEC5 /* DateUtilsDemonstrationTests.m */ = {isa = PBXFileReference; lastKnownFileType = sourcecode.c.objc; path = DateUtilsDemonstrationTests.m; sourceTree = "<group>"; };
		59C1DCFE18FA755A0036BEC5 /* DateUtils.h */ = {isa = PBXFileReference; fileEncoding = 4; lastKnownFileType = sourcecode.c.h; path = DateUtils.h; sourceTree = "<group>"; };
		59C1DCFF18FA755A0036BEC5 /* DateUtils.m */ = {isa = PBXFileReference; fileEncoding = 4; lastKnownFileType = sourcecode.c.objc; path = DateUtils.m; sourceTree = "<group>"; };
/* End PBXFileReference section */

/* Begin PBXFrameworksBuildPhase section */
		59C1DCC818FA753D0036BEC5 /* Frameworks */ = {
			isa = PBXFrameworksBuildPhase;
			buildActionMask = 2147483647;
			files = (
				59C1DCD118FA753D0036BEC5 /* CoreGraphics.framework in Frameworks */,
				59C1DCD318FA753D0036BEC5 /* UIKit.framework in Frameworks */,
				59C1DCCF18FA753D0036BEC5 /* Foundation.framework in Frameworks */,
			);
			runOnlyForDeploymentPostprocessing = 0;
		};
		59C1DCE318FA753D0036BEC5 /* Frameworks */ = {
			isa = PBXFrameworksBuildPhase;
			buildActionMask = 2147483647;
			files = (
				59C1DCE818FA753D0036BEC5 /* XCTest.framework in Frameworks */,
				59C1DCEA18FA753D0036BEC5 /* UIKit.framework in Frameworks */,
				59C1DCE918FA753D0036BEC5 /* Foundation.framework in Frameworks */,
			);
			runOnlyForDeploymentPostprocessing = 0;
		};
/* End PBXFrameworksBuildPhase section */

/* Begin PBXGroup section */
		59C1DCC218FA753D0036BEC5 = {
			isa = PBXGroup;
			children = (
				59C1DCFD18FA755A0036BEC5 /* DateUtils */,
				59C1DCD418FA753D0036BEC5 /* DateUtilsDemonstration */,
				59C1DCED18FA753D0036BEC5 /* DateUtilsDemonstrationTests */,
				59C1DCCD18FA753D0036BEC5 /* Frameworks */,
				59C1DCCC18FA753D0036BEC5 /* Products */,
			);
			sourceTree = "<group>";
		};
		59C1DCCC18FA753D0036BEC5 /* Products */ = {
			isa = PBXGroup;
			children = (
				59C1DCCB18FA753D0036BEC5 /* DateUtilsDemonstration.app */,
				59C1DCE618FA753D0036BEC5 /* DateUtilsDemonstrationTests.xctest */,
			);
			name = Products;
			sourceTree = "<group>";
		};
		59C1DCCD18FA753D0036BEC5 /* Frameworks */ = {
			isa = PBXGroup;
			children = (
				59C1DCCE18FA753D0036BEC5 /* Foundation.framework */,
				59C1DCD018FA753D0036BEC5 /* CoreGraphics.framework */,
				59C1DCD218FA753D0036BEC5 /* UIKit.framework */,
				59C1DCE718FA753D0036BEC5 /* XCTest.framework */,
			);
			name = Frameworks;
			sourceTree = "<group>";
		};
		59C1DCD418FA753D0036BEC5 /* DateUtilsDemonstration */ = {
			isa = PBXGroup;
			children = (
				59C1DCDD18FA753D0036BEC5 /* AppDelegate.h */,
				59C1DCDE18FA753D0036BEC5 /* AppDelegate.m */,
				59C1DCE018FA753D0036BEC5 /* Images.xcassets */,
				59C1DCD518FA753D0036BEC5 /* Supporting Files */,
			);
			path = DateUtilsDemonstration;
			sourceTree = "<group>";
		};
		59C1DCD518FA753D0036BEC5 /* Supporting Files */ = {
			isa = PBXGroup;
			children = (
				59C1DCD618FA753D0036BEC5 /* DateUtilsDemonstration-Info.plist */,
				59C1DCD718FA753D0036BEC5 /* InfoPlist.strings */,
				59C1DCDA18FA753D0036BEC5 /* main.m */,
				59C1DCDC18FA753D0036BEC5 /* DateUtilsDemonstration-Prefix.pch */,
			);
			name = "Supporting Files";
			sourceTree = "<group>";
		};
		59C1DCED18FA753D0036BEC5 /* DateUtilsDemonstrationTests */ = {
			isa = PBXGroup;
			children = (
				59C1DCF318FA753D0036BEC5 /* DateUtilsDemonstrationTests.m */,
				59C1DCEE18FA753D0036BEC5 /* Supporting Files */,
			);
			path = DateUtilsDemonstrationTests;
			sourceTree = "<group>";
		};
		59C1DCEE18FA753D0036BEC5 /* Supporting Files */ = {
			isa = PBXGroup;
			children = (
				59C1DCEF18FA753D0036BEC5 /* DateUtilsDemonstrationTests-Info.plist */,
				59C1DCF018FA753D0036BEC5 /* InfoPlist.strings */,
			);
			name = "Supporting Files";
			sourceTree = "<group>";
		};
		59C1DCFD18FA755A0036BEC5 /* DateUtils */ = {
			isa = PBXGroup;
			children = (
				59C1DCFE18FA755A0036BEC5 /* DateUtils.h */,
				59C1DCFF18FA755A0036BEC5 /* DateUtils.m */,
			);
			path = DateUtils;
			sourceTree = "<group>";
		};
/* End PBXGroup section */

/* Begin PBXNativeTarget section */
		59C1DCCA18FA753D0036BEC5 /* DateUtilsDemonstration */ = {
			isa = PBXNativeTarget;
			buildConfigurationList = 59C1DCF718FA753D0036BEC5 /* Build configuration list for PBXNativeTarget "DateUtilsDemonstration" */;
			buildPhases = (
				59C1DCC718FA753D0036BEC5 /* Sources */,
				59C1DCC818FA753D0036BEC5 /* Frameworks */,
				59C1DCC918FA753D0036BEC5 /* Resources */,
			);
			buildRules = (
			);
			dependencies = (
			);
			name = DateUtilsDemonstration;
			productName = DateUtilsDemonstration;
			productReference = 59C1DCCB18FA753D0036BEC5 /* DateUtilsDemonstration.app */;
			productType = "com.apple.product-type.application";
		};
		59C1DCE518FA753D0036BEC5 /* DateUtilsDemonstrationTests */ = {
			isa = PBXNativeTarget;
			buildConfigurationList = 59C1DCFA18FA753D0036BEC5 /* Build configuration list for PBXNativeTarget "DateUtilsDemonstrationTests" */;
			buildPhases = (
				59C1DCE218FA753D0036BEC5 /* Sources */,
				59C1DCE318FA753D0036BEC5 /* Frameworks */,
				59C1DCE418FA753D0036BEC5 /* Resources */,
			);
			buildRules = (
			);
			dependencies = (
				59C1DCEC18FA753D0036BEC5 /* PBXTargetDependency */,
			);
			name = DateUtilsDemonstrationTests;
			productName = DateUtilsDemonstrationTests;
			productReference = 59C1DCE618FA753D0036BEC5 /* DateUtilsDemonstrationTests.xctest */;
			productType = "com.apple.product-type.bundle.unit-test";
		};
/* End PBXNativeTarget section */

/* Begin PBXProject section */
		59C1DCC318FA753D0036BEC5 /* Project object */ = {
			isa = PBXProject;
			attributes = {
				LastUpgradeCheck = 0510;
				ORGANIZATIONNAME = "Chaos Lin";
				TargetAttributes = {
					59C1DCE518FA753D0036BEC5 = {
						TestTargetID = 59C1DCCA18FA753D0036BEC5;
					};
				};
			};
			buildConfigurationList = 59C1DCC618FA753D0036BEC5 /* Build configuration list for PBXProject "DateUtilsDemonstration" */;
			compatibilityVersion = "Xcode 3.2";
			developmentRegion = English;
			hasScannedForEncodings = 0;
			knownRegions = (
				en,
			);
			mainGroup = 59C1DCC218FA753D0036BEC5;
			productRefGroup = 59C1DCCC18FA753D0036BEC5 /* Products */;
			projectDirPath = "";
			projectRoot = "";
			targets = (
				59C1DCCA18FA753D0036BEC5 /* DateUtilsDemonstration */,
				59C1DCE518FA753D0036BEC5 /* DateUtilsDemonstrationTests */,
			);
		};
/* End PBXProject section */

/* Begin PBXResourcesBuildPhase section */
		59C1DCC918FA753D0036BEC5 /* Resources */ = {
			isa = PBXResourcesBuildPhase;
			buildActionMask = 2147483647;
			files = (
				59C1DCD918FA753D0036BEC5 /* InfoPlist.strings in Resources */,
				59C1DCE118FA753D0036BEC5 /* Images.xcassets in Resources */,
			);
			runOnlyForDeploymentPostprocessing = 0;
		};
		59C1DCE418FA753D0036BEC5 /* Resources */ = {
			isa = PBXResourcesBuildPhase;
			buildActionMask = 2147483647;
			files = (
				59C1DCF218FA753D0036BEC5 /* InfoPlist.strings in Resources */,
			);
			runOnlyForDeploymentPostprocessing = 0;
		};
/* End PBXResourcesBuildPhase section */

/* Begin PBXSourcesBuildPhase section */
		59C1DCC718FA753D0036BEC5 /* Sources */ = {
			isa = PBXSourcesBuildPhase;
			buildActionMask = 2147483647;
			files = (
				59C1DCDF18FA753D0036BEC5 /* AppDelegate.m in Sources */,
				59C1DD0018FA755A0036BEC5 /* DateUtils.m in Sources */,
				59C1DCDB18FA753D0036BEC5 /* main.m in Sources */,
			);
			runOnlyForDeploymentPostprocessing = 0;
		};
		59C1DCE218FA753D0036BEC5 /* Sources */ = {
			isa = PBXSourcesBuildPhase;
			buildActionMask = 2147483647;
			files = (
				59C1DCF418FA753D0036BEC5 /* DateUtilsDemonstrationTests.m in Sources */,
				59C1DD0118FA755A0036BEC5 /* DateUtils.m in Sources */,
			);
			runOnlyForDeploymentPostprocessing = 0;
		};
/* End PBXSourcesBuildPhase section */

/* Begin PBXTargetDependency section */
		59C1DCEC18FA753D0036BEC5 /* PBXTargetDependency */ = {
			isa = PBXTargetDependency;
			target = 59C1DCCA18FA753D0036BEC5 /* DateUtilsDemonstration */;
			targetProxy = 59C1DCEB18FA753D0036BEC5 /* PBXContainerItemProxy */;
		};
/* End PBXTargetDependency section */

/* Begin PBXVariantGroup section */
		59C1DCD718FA753D0036BEC5 /* InfoPlist.strings */ = {
			isa = PBXVariantGroup;
			children = (
				59C1DCD818FA753D0036BEC5 /* en */,
			);
			name = InfoPlist.strings;
			sourceTree = "<group>";
		};
		59C1DCF018FA753D0036BEC5 /* InfoPlist.strings */ = {
			isa = PBXVariantGroup;
			children = (
				59C1DCF118FA753D0036BEC5 /* en */,
			);
			name = InfoPlist.strings;
			sourceTree = "<group>";
		};
/* End PBXVariantGroup section */

/* Begin XCBuildConfiguration section */
		59C1DCF518FA753D0036BEC5 /* Debug */ = {
			isa = XCBuildConfiguration;
			buildSettings = {
				ALWAYS_SEARCH_USER_PATHS = NO;
				CLANG_CXX_LANGUAGE_STANDARD = "gnu++0x";
				CLANG_CXX_LIBRARY = "libc++";
				CLANG_ENABLE_MODULES = YES;
				CLANG_ENABLE_OBJC_ARC = YES;
				CLANG_WARN_BOOL_CONVERSION = YES;
				CLANG_WARN_CONSTANT_CONVERSION = YES;
				CLANG_WARN_DIRECT_OBJC_ISA_USAGE = YES_ERROR;
				CLANG_WARN_EMPTY_BODY = YES;
				CLANG_WARN_ENUM_CONVERSION = YES;
				CLANG_WARN_INT_CONVERSION = YES;
				CLANG_WARN_OBJC_ROOT_CLASS = YES_ERROR;
				CLANG_WARN__DUPLICATE_METHOD_MATCH = YES;
				"CODE_SIGN_IDENTITY[sdk=iphoneos*]" = "iPhone Developer";
				COPY_PHASE_STRIP = NO;
				GCC_C_LANGUAGE_STANDARD = gnu99;
				GCC_DYNAMIC_NO_PIC = NO;
				GCC_OPTIMIZATION_LEVEL = 0;
				GCC_PREPROCESSOR_DEFINITIONS = (
					"DEBUG=1",
					"$(inherited)",
				);
				GCC_SYMBOLS_PRIVATE_EXTERN = NO;
				GCC_WARN_64_TO_32_BIT_CONVERSION = YES;
				GCC_WARN_ABOUT_RETURN_TYPE = YES_ERROR;
				GCC_WARN_UNDECLARED_SELECTOR = YES;
				GCC_WARN_UNINITIALIZED_AUTOS = YES_AGGRESSIVE;
				GCC_WARN_UNUSED_FUNCTION = YES;
				GCC_WARN_UNUSED_VARIABLE = YES;
				IPHONEOS_DEPLOYMENT_TARGET = 7.1;
				ONLY_ACTIVE_ARCH = YES;
				SDKROOT = iphoneos;
			};
			name = Debug;
		};
		59C1DCF618FA753D0036BEC5 /* Release */ = {
			isa = XCBuildConfiguration;
			buildSettings = {
				ALWAYS_SEARCH_USER_PATHS = NO;
				CLANG_CXX_LANGUAGE_STANDARD = "gnu++0x";
				CLANG_CXX_LIBRARY = "libc++";
				CLANG_ENABLE_MODULES = YES;
				CLANG_ENABLE_OBJC_ARC = YES;
				CLANG_WARN_BOOL_CONVERSION = YES;
				CLANG_WARN_CONSTANT_CONVERSION = YES;
				CLANG_WARN_DIRECT_OBJC_ISA_USAGE = YES_ERROR;
				CLANG_WARN_EMPTY_BODY = YES;
				CLANG_WARN_ENUM_CONVERSION = YES;
				CLANG_WARN_INT_CONVERSION = YES;
				CLANG_WARN_OBJC_ROOT_CLASS = YES_ERROR;
				CLANG_WARN__DUPLICATE_METHOD_MATCH = YES;
				"CODE_SIGN_IDENTITY[sdk=iphoneos*]" = "iPhone Developer";
				COPY_PHASE_STRIP = YES;
				ENABLE_NS_ASSERTIONS = NO;
				GCC_C_LANGUAGE_STANDARD = gnu99;
				GCC_WARN_64_TO_32_BIT_CONVERSION = YES;
				GCC_WARN_ABOUT_RETURN_TYPE = YES_ERROR;
				GCC_WARN_UNDECLARED_SELECTOR = YES;
				GCC_WARN_UNINITIALIZED_AUTOS = YES_AGGRESSIVE;
				GCC_WARN_UNUSED_FUNCTION = YES;
				GCC_WARN_UNUSED_VARIABLE = YES;
				IPHONEOS_DEPLOYMENT_TARGET = 7.1;
				SDKROOT = iphoneos;
				VALIDATE_PRODUCT = YES;
			};
			name = Release;
		};
		59C1DCF818FA753D0036BEC5 /* Debug */ = {
			isa = XCBuildConfiguration;
			buildSettings = {
				ASSETCATALOG_COMPILER_APPICON_NAME = AppIcon;
				ASSETCATALOG_COMPILER_LAUNCHIMAGE_NAME = LaunchImage;
				GCC_PRECOMPILE_PREFIX_HEADER = YES;
				GCC_PREFIX_HEADER = "DateUtilsDemonstration/DateUtilsDemonstration-Prefix.pch";
				INFOPLIST_FILE = "DateUtilsDemonstration/DateUtilsDemonstration-Info.plist";
				PRODUCT_NAME = "$(TARGET_NAME)";
				WRAPPER_EXTENSION = app;
			};
			name = Debug;
		};
		59C1DCF918FA753D0036BEC5 /* Release */ = {
			isa = XCBuildConfiguration;
			buildSettings = {
				ASSETCATALOG_COMPILER_APPICON_NAME = AppIcon;
				ASSETCATALOG_COMPILER_LAUNCHIMAGE_NAME = LaunchImage;
				GCC_PRECOMPILE_PREFIX_HEADER = YES;
				GCC_PREFIX_HEADER = "DateUtilsDemonstration/DateUtilsDemonstration-Prefix.pch";
				INFOPLIST_FILE = "DateUtilsDemonstration/DateUtilsDemonstration-Info.plist";
				PRODUCT_NAME = "$(TARGET_NAME)";
				WRAPPER_EXTENSION = app;
			};
			name = Release;
		};
		59C1DCFB18FA753D0036BEC5 /* Debug */ = {
			isa = XCBuildConfiguration;
			buildSettings = {
				BUNDLE_LOADER = "$(BUILT_PRODUCTS_DIR)/DateUtilsDemonstration.app/DateUtilsDemonstration";
				FRAMEWORK_SEARCH_PATHS = (
					"$(SDKROOT)/Developer/Library/Frameworks",
					"$(inherited)",
					"$(DEVELOPER_FRAMEWORKS_DIR)",
				);
				GCC_PRECOMPILE_PREFIX_HEADER = YES;
				GCC_PREFIX_HEADER = "DateUtilsDemonstration/DateUtilsDemonstration-Prefix.pch";
				GCC_PREPROCESSOR_DEFINITIONS = (
					"DEBUG=1",
					"$(inherited)",
				);
				INFOPLIST_FILE = "DateUtilsDemonstrationTests/DateUtilsDemonstrationTests-Info.plist";
				PRODUCT_NAME = "$(TARGET_NAME)";
				TEST_HOST = "$(BUNDLE_LOADER)";
				WRAPPER_EXTENSION = xctest;
			};
			name = Debug;
		};
		59C1DCFC18FA753D0036BEC5 /* Release */ = {
			isa = XCBuildConfiguration;
			buildSettings = {
				BUNDLE_LOADER = "$(BUILT_PRODUCTS_DIR)/DateUtilsDemonstration.app/DateUtilsDemonstration";
				FRAMEWORK_SEARCH_PATHS = (
					"$(SDKROOT)/Developer/Library/Frameworks",
					"$(inherited)",
					"$(DEVELOPER_FRAMEWORKS_DIR)",
				);
				GCC_PRECOMPILE_PREFIX_HEADER = YES;
				GCC_PREFIX_HEADER = "DateUtilsDemonstration/DateUtilsDemonstration-Prefix.pch";
				INFOPLIST_FILE = "DateUtilsDemonstrationTests/DateUtilsDemonstrationTests-Info.plist";
				PRODUCT_NAME = "$(TARGET_NAME)";
				TEST_HOST = "$(BUNDLE_LOADER)";
				WRAPPER_EXTENSION = xctest;
			};
			name = Release;
		};
/* End XCBuildConfiguration section */

/* Begin XCConfigurationList section */
		59C1DCC618FA753D0036BEC5 /* Build configuration list for PBXProject "DateUtilsDemonstration" */ = {
			isa = XCConfigurationList;
			buildConfigurations = (
				59C1DCF518FA753D0036BEC5 /* Debug */,
				59C1DCF618FA753D0036BEC5 /* Release */,
			);
			defaultConfigurationIsVisible = 0;
			defaultConfigurationName = Release;
		};
		59C1DCF718FA753D0036BEC5 /* Build configuration list for PBXNativeTarget "DateUtilsDemonstration" */ = {
			isa = XCConfigurationList;
			buildConfigurations = (
				59C1DCF818FA753D0036BEC5 /* Debug */,
				59C1DCF918FA753D0036BEC5 /* Release */,
			);
			defaultConfigurationIsVisible = 0;
		};
		59C1DCFA18FA753D0036BEC5 /* Build configuration list for PBXNativeTarget "DateUtilsDemonstrationTests" */ = {
			isa = XCConfigurationList;
			buildConfigurations = (
				59C1DCFB18FA753D0036BEC5 /* Debug */,
				59C1DCFC18FA753D0036BEC5 /* Release */,
			);
			defaultConfigurationIsVisible = 0;
		};
/* End XCConfigurationList section */
	};
	rootObject = 59C1DCC318FA753D0036BEC5 /* Project object */;
}
